// !$*UTF8*$!
{
	archiveVersion = 1;
	classes = {
	};
	objectVersion = 77;
	objects = {

/* Begin PBXContainerItemProxy section */
		575AABDC2D55D31F00B6D008 /* PBXContainerItemProxy */ = {
			isa = PBXContainerItemProxy;
			containerPortal = 575AABC32D55D31D00B6D008 /* Project object */;
			proxyType = 1;
			remoteGlobalIDString = 575AABCA2D55D31D00B6D008;
			remoteInfo = "CSCD-488-Project";
		};
		575AABE62D55D31F00B6D008 /* PBXContainerItemProxy */ = {
			isa = PBXContainerItemProxy;
			containerPortal = 575AABC32D55D31D00B6D008 /* Project object */;
			proxyType = 1;
			remoteGlobalIDString = 575AABCA2D55D31D00B6D008;
			remoteInfo = "CSCD-488-Project";
		};
/* End PBXContainerItemProxy section */

/* Begin PBXFileReference section */
		575AABCB2D55D31D00B6D008 /* CSCD-488-Project.app */ = {isa = PBXFileReference; explicitFileType = wrapper.application; includeInIndex = 0; path = "CSCD-488-Project.app"; sourceTree = BUILT_PRODUCTS_DIR; };
		575AABDB2D55D31F00B6D008 /* CSCD-488-ProjectTests.xctest */ = {isa = PBXFileReference; explicitFileType = wrapper.cfbundle; includeInIndex = 0; path = "CSCD-488-ProjectTests.xctest"; sourceTree = BUILT_PRODUCTS_DIR; };
		575AABE52D55D31F00B6D008 /* CSCD-488-ProjectUITests.xctest */ = {isa = PBXFileReference; explicitFileType = wrapper.cfbundle; includeInIndex = 0; path = "CSCD-488-ProjectUITests.xctest"; sourceTree = BUILT_PRODUCTS_DIR; };
/* End PBXFileReference section */

/* Begin PBXFileSystemSynchronizedRootGroup section */
		575AABCD2D55D31D00B6D008 /* CSCD-488-Project */ = {
			isa = PBXFileSystemSynchronizedRootGroup;
			path = "CSCD-488-Project";
			sourceTree = "<group>";
		};
		575AABDE2D55D31F00B6D008 /* CSCD-488-ProjectTests */ = {
			isa = PBXFileSystemSynchronizedRootGroup;
			path = "CSCD-488-ProjectTests";
			sourceTree = "<group>";
		};
		575AABE82D55D31F00B6D008 /* CSCD-488-ProjectUITests */ = {
			isa = PBXFileSystemSynchronizedRootGroup;
			path = "CSCD-488-ProjectUITests";
			sourceTree = "<group>";
		};
/* End PBXFileSystemSynchronizedRootGroup section */

/* Begin PBXFrameworksBuildPhase section */
		575AABC82D55D31D00B6D008 /* Frameworks */ = {
			isa = PBXFrameworksBuildPhase;
			buildActionMask = 2147483647;
			files = (
			);
			runOnlyForDeploymentPostprocessing = 0;
		};
		575AABD82D55D31F00B6D008 /* Frameworks */ = {
			isa = PBXFrameworksBuildPhase;
			buildActionMask = 2147483647;
			files = (
			);
			runOnlyForDeploymentPostprocessing = 0;
		};
		575AABE22D55D31F00B6D008 /* Frameworks */ = {
			isa = PBXFrameworksBuildPhase;
			buildActionMask = 2147483647;
			files = (
			);
			runOnlyForDeploymentPostprocessing = 0;
		};
/* End PBXFrameworksBuildPhase section */

/* Begin PBXGroup section */
		575AABC22D55D31D00B6D008 = {
			isa = PBXGroup;
			children = (
				575AABCD2D55D31D00B6D008 /* CSCD-488-Project */,
				575AABDE2D55D31F00B6D008 /* CSCD-488-ProjectTests */,
				575AABE82D55D31F00B6D008 /* CSCD-488-ProjectUITests */,
				575AABCC2D55D31D00B6D008 /* Products */,
			);
			sourceTree = "<group>";
		};
		575AABCC2D55D31D00B6D008 /* Products */ = {
			isa = PBXGroup;
			children = (
				575AABCB2D55D31D00B6D008 /* CSCD-488-Project.app */,
				575AABDB2D55D31F00B6D008 /* CSCD-488-ProjectTests.xctest */,
				575AABE52D55D31F00B6D008 /* CSCD-488-ProjectUITests.xctest */,
			);
			name = Products;
			sourceTree = "<group>";
		};
/* End PBXGroup section */

/* Begin PBXNativeTarget section */
		575AABCA2D55D31D00B6D008 /* CSCD-488-Project */ = {
			isa = PBXNativeTarget;
			buildConfigurationList = 575AABEF2D55D31F00B6D008 /* Build configuration list for PBXNativeTarget "CSCD-488-Project" */;
			buildPhases = (
				575AABC72D55D31D00B6D008 /* Sources */,
				575AABC82D55D31D00B6D008 /* Frameworks */,
				575AABC92D55D31D00B6D008 /* Resources */,
			);
			buildRules = (
			);
			dependencies = (
			);
			fileSystemSynchronizedGroups = (
				575AABCD2D55D31D00B6D008 /* CSCD-488-Project */,
			);
			name = "CSCD-488-Project";
			packageProductDependencies = (
			);
			productName = "CSCD-488-Project";
			productReference = 575AABCB2D55D31D00B6D008 /* CSCD-488-Project.app */;
			productType = "com.apple.product-type.application";
		};
		575AABDA2D55D31F00B6D008 /* CSCD-488-ProjectTests */ = {
			isa = PBXNativeTarget;
			buildConfigurationList = 575AABF22D55D31F00B6D008 /* Build configuration list for PBXNativeTarget "CSCD-488-ProjectTests" */;
			buildPhases = (
				575AABD72D55D31F00B6D008 /* Sources */,
				575AABD82D55D31F00B6D008 /* Frameworks */,
				575AABD92D55D31F00B6D008 /* Resources */,
			);
			buildRules = (
			);
			dependencies = (
				575AABDD2D55D31F00B6D008 /* PBXTargetDependency */,
			);
			fileSystemSynchronizedGroups = (
				575AABDE2D55D31F00B6D008 /* CSCD-488-ProjectTests */,
			);
			name = "CSCD-488-ProjectTests";
			packageProductDependencies = (
			);
			productName = "CSCD-488-ProjectTests";
			productReference = 575AABDB2D55D31F00B6D008 /* CSCD-488-ProjectTests.xctest */;
			productType = "com.apple.product-type.bundle.unit-test";
		};
		575AABE42D55D31F00B6D008 /* CSCD-488-ProjectUITests */ = {
			isa = PBXNativeTarget;
			buildConfigurationList = 575AABF52D55D31F00B6D008 /* Build configuration list for PBXNativeTarget "CSCD-488-ProjectUITests" */;
			buildPhases = (
				575AABE12D55D31F00B6D008 /* Sources */,
				575AABE22D55D31F00B6D008 /* Frameworks */,
				575AABE32D55D31F00B6D008 /* Resources */,
			);
			buildRules = (
			);
			dependencies = (
				575AABE72D55D31F00B6D008 /* PBXTargetDependency */,
			);
			fileSystemSynchronizedGroups = (
				575AABE82D55D31F00B6D008 /* CSCD-488-ProjectUITests */,
			);
			name = "CSCD-488-ProjectUITests";
			packageProductDependencies = (
			);
			productName = "CSCD-488-ProjectUITests";
			productReference = 575AABE52D55D31F00B6D008 /* CSCD-488-ProjectUITests.xctest */;
			productType = "com.apple.product-type.bundle.ui-testing";
		};
/* End PBXNativeTarget section */

/* Begin PBXProject section */
		575AABC32D55D31D00B6D008 /* Project object */ = {
			isa = PBXProject;
			attributes = {
				BuildIndependentTargetsInParallel = 1;
				LastSwiftUpdateCheck = 1620;
				LastUpgradeCheck = 1620;
				TargetAttributes = {
					575AABCA2D55D31D00B6D008 = {
						CreatedOnToolsVersion = 16.2;
					};
					575AABDA2D55D31F00B6D008 = {
						CreatedOnToolsVersion = 16.2;
						TestTargetID = 575AABCA2D55D31D00B6D008;
					};
					575AABE42D55D31F00B6D008 = {
						CreatedOnToolsVersion = 16.2;
						TestTargetID = 575AABCA2D55D31D00B6D008;
					};
				};
			};
			buildConfigurationList = 575AABC62D55D31D00B6D008 /* Build configuration list for PBXProject "CSCD-488-Project" */;
			developmentRegion = en;
			hasScannedForEncodings = 0;
			knownRegions = (
				en,
				Base,
			);
			mainGroup = 575AABC22D55D31D00B6D008;
			minimizedProjectReferenceProxies = 1;
			preferredProjectObjectVersion = 77;
			productRefGroup = 575AABCC2D55D31D00B6D008 /* Products */;
			projectDirPath = "";
			projectRoot = "";
			targets = (
				575AABCA2D55D31D00B6D008 /* CSCD-488-Project */,
				575AABDA2D55D31F00B6D008 /* CSCD-488-ProjectTests */,
				575AABE42D55D31F00B6D008 /* CSCD-488-ProjectUITests */,
			);
		};
/* End PBXProject section */

/* Begin PBXResourcesBuildPhase section */
		575AABC92D55D31D00B6D008 /* Resources */ = {
			isa = PBXResourcesBuildPhase;
			buildActionMask = 2147483647;
			files = (
			);
			runOnlyForDeploymentPostprocessing = 0;
		};
		575AABD92D55D31F00B6D008 /* Resources */ = {
			isa = PBXResourcesBuildPhase;
			buildActionMask = 2147483647;
			files = (
			);
			runOnlyForDeploymentPostprocessing = 0;
		};
		575AABE32D55D31F00B6D008 /* Resources */ = {
			isa = PBXResourcesBuildPhase;
			buildActionMask = 2147483647;
			files = (
			);
			runOnlyForDeploymentPostprocessing = 0;
		};
/* End PBXResourcesBuildPhase section */

/* Begin PBXSourcesBuildPhase section */
		575AABC72D55D31D00B6D008 /* Sources */ = {
			isa = PBXSourcesBuildPhase;
			buildActionMask = 2147483647;
			files = (
			);
			runOnlyForDeploymentPostprocessing = 0;
		};
		575AABD72D55D31F00B6D008 /* Sources */ = {
			isa = PBXSourcesBuildPhase;
			buildActionMask = 2147483647;
			files = (
			);
			runOnlyForDeploymentPostprocessing = 0;
		};
		575AABE12D55D31F00B6D008 /* Sources */ = {
			isa = PBXSourcesBuildPhase;
			buildActionMask = 2147483647;
			files = (
			);
			runOnlyForDeploymentPostprocessing = 0;
		};
/* End PBXSourcesBuildPhase section */

/* Begin PBXTargetDependency section */
		575AABDD2D55D31F00B6D008 /* PBXTargetDependency */ = {
			isa = PBXTargetDependency;
			target = 575AABCA2D55D31D00B6D008 /* CSCD-488-Project */;
			targetProxy = 575AABDC2D55D31F00B6D008 /* PBXContainerItemProxy */;
		};
		575AABE72D55D31F00B6D008 /* PBXTargetDependency */ = {
			isa = PBXTargetDependency;
			target = 575AABCA2D55D31D00B6D008 /* CSCD-488-Project */;
			targetProxy = 575AABE62D55D31F00B6D008 /* PBXContainerItemProxy */;
		};
/* End PBXTargetDependency section */

/* Begin XCBuildConfiguration section */
		575AABED2D55D31F00B6D008 /* Debug */ = {
			isa = XCBuildConfiguration;
			buildSettings = {
				ALWAYS_SEARCH_USER_PATHS = NO;
				ASSETCATALOG_COMPILER_GENERATE_SWIFT_ASSET_SYMBOL_EXTENSIONS = YES;
				CLANG_ANALYZER_NONNULL = YES;
				CLANG_ANALYZER_NUMBER_OBJECT_CONVERSION = YES_AGGRESSIVE;
				CLANG_CXX_LANGUAGE_STANDARD = "gnu++20";
				CLANG_ENABLE_MODULES = YES;
				CLANG_ENABLE_OBJC_ARC = YES;
				CLANG_ENABLE_OBJC_WEAK = YES;
				CLANG_WARN_BLOCK_CAPTURE_AUTORELEASING = YES;
				CLANG_WARN_BOOL_CONVERSION = YES;
				CLANG_WARN_COMMA = YES;
				CLANG_WARN_CONSTANT_CONVERSION = YES;
				CLANG_WARN_DEPRECATED_OBJC_IMPLEMENTATIONS = YES;
				CLANG_WARN_DIRECT_OBJC_ISA_USAGE = YES_ERROR;
				CLANG_WARN_DOCUMENTATION_COMMENTS = YES;
				CLANG_WARN_EMPTY_BODY = YES;
				CLANG_WARN_ENUM_CONVERSION = YES;
				CLANG_WARN_INFINITE_RECURSION = YES;
				CLANG_WARN_INT_CONVERSION = YES;
				CLANG_WARN_NON_LITERAL_NULL_CONVERSION = YES;
				CLANG_WARN_OBJC_IMPLICIT_RETAIN_SELF = YES;
				CLANG_WARN_OBJC_LITERAL_CONVERSION = YES;
				CLANG_WARN_OBJC_ROOT_CLASS = YES_ERROR;
				CLANG_WARN_QUOTED_INCLUDE_IN_FRAMEWORK_HEADER = YES;
				CLANG_WARN_RANGE_LOOP_ANALYSIS = YES;
				CLANG_WARN_STRICT_PROTOTYPES = YES;
				CLANG_WARN_SUSPICIOUS_MOVE = YES;
				CLANG_WARN_UNGUARDED_AVAILABILITY = YES_AGGRESSIVE;
				CLANG_WARN_UNREACHABLE_CODE = YES;
				CLANG_WARN__DUPLICATE_METHOD_MATCH = YES;
				COPY_PHASE_STRIP = NO;
				DEBUG_INFORMATION_FORMAT = dwarf;
				ENABLE_STRICT_OBJC_MSGSEND = YES;
				ENABLE_TESTABILITY = YES;
				ENABLE_USER_SCRIPT_SANDBOXING = YES;
				GCC_C_LANGUAGE_STANDARD = gnu17;
				GCC_DYNAMIC_NO_PIC = NO;
				GCC_NO_COMMON_BLOCKS = YES;
				GCC_OPTIMIZATION_LEVEL = 0;
				GCC_PREPROCESSOR_DEFINITIONS = (
					"DEBUG=1",
					"$(inherited)",
				);
				GCC_WARN_64_TO_32_BIT_CONVERSION = YES;
				GCC_WARN_ABOUT_RETURN_TYPE = YES_ERROR;
				GCC_WARN_UNDECLARED_SELECTOR = YES;
				GCC_WARN_UNINITIALIZED_AUTOS = YES_AGGRESSIVE;
				GCC_WARN_UNUSED_FUNCTION = YES;
				GCC_WARN_UNUSED_VARIABLE = YES;
				IPHONEOS_DEPLOYMENT_TARGET = 18.2;
				LOCALIZATION_PREFERS_STRING_CATALOGS = YES;
				MTL_ENABLE_DEBUG_INFO = INCLUDE_SOURCE;
				MTL_FAST_MATH = YES;
				ONLY_ACTIVE_ARCH = YES;
				SDKROOT = iphoneos;
				SWIFT_ACTIVE_COMPILATION_CONDITIONS = "DEBUG $(inherited)";
				SWIFT_OPTIMIZATION_LEVEL = "-Onone";
			};
			name = Debug;
		};
		575AABEE2D55D31F00B6D008 /* Release */ = {
			isa = XCBuildConfiguration;
			buildSettings = {
				ALWAYS_SEARCH_USER_PATHS = NO;
				ASSETCATALOG_COMPILER_GENERATE_SWIFT_ASSET_SYMBOL_EXTENSIONS = YES;
				CLANG_ANALYZER_NONNULL = YES;
				CLANG_ANALYZER_NUMBER_OBJECT_CONVERSION = YES_AGGRESSIVE;
				CLANG_CXX_LANGUAGE_STANDARD = "gnu++20";
				CLANG_ENABLE_MODULES = YES;
				CLANG_ENABLE_OBJC_ARC = YES;
				CLANG_ENABLE_OBJC_WEAK = YES;
				CLANG_WARN_BLOCK_CAPTURE_AUTORELEASING = YES;
				CLANG_WARN_BOOL_CONVERSION = YES;
				CLANG_WARN_COMMA = YES;
				CLANG_WARN_CONSTANT_CONVERSION = YES;
				CLANG_WARN_DEPRECATED_OBJC_IMPLEMENTATIONS = YES;
				CLANG_WARN_DIRECT_OBJC_ISA_USAGE = YES_ERROR;
				CLANG_WARN_DOCUMENTATION_COMMENTS = YES;
				CLANG_WARN_EMPTY_BODY = YES;
				CLANG_WARN_ENUM_CONVERSION = YES;
				CLANG_WARN_INFINITE_RECURSION = YES;
				CLANG_WARN_INT_CONVERSION = YES;
				CLANG_WARN_NON_LITERAL_NULL_CONVERSION = YES;
				CLANG_WARN_OBJC_IMPLICIT_RETAIN_SELF = YES;
				CLANG_WARN_OBJC_LITERAL_CONVERSION = YES;
				CLANG_WARN_OBJC_ROOT_CLASS = YES_ERROR;
				CLANG_WARN_QUOTED_INCLUDE_IN_FRAMEWORK_HEADER = YES;
				CLANG_WARN_RANGE_LOOP_ANALYSIS = YES;
				CLANG_WARN_STRICT_PROTOTYPES = YES;
				CLANG_WARN_SUSPICIOUS_MOVE = YES;
				CLANG_WARN_UNGUARDED_AVAILABILITY = YES_AGGRESSIVE;
				CLANG_WARN_UNREACHABLE_CODE = YES;
				CLANG_WARN__DUPLICATE_METHOD_MATCH = YES;
				COPY_PHASE_STRIP = NO;
				DEBUG_INFORMATION_FORMAT = "dwarf-with-dsym";
				ENABLE_NS_ASSERTIONS = NO;
				ENABLE_STRICT_OBJC_MSGSEND = YES;
				ENABLE_USER_SCRIPT_SANDBOXING = YES;
				GCC_C_LANGUAGE_STANDARD = gnu17;
				GCC_NO_COMMON_BLOCKS = YES;
				GCC_WARN_64_TO_32_BIT_CONVERSION = YES;
				GCC_WARN_ABOUT_RETURN_TYPE = YES_ERROR;
				GCC_WARN_UNDECLARED_SELECTOR = YES;
				GCC_WARN_UNINITIALIZED_AUTOS = YES_AGGRESSIVE;
				GCC_WARN_UNUSED_FUNCTION = YES;
				GCC_WARN_UNUSED_VARIABLE = YES;
				IPHONEOS_DEPLOYMENT_TARGET = 18.2;
				LOCALIZATION_PREFERS_STRING_CATALOGS = YES;
				MTL_ENABLE_DEBUG_INFO = NO;
				MTL_FAST_MATH = YES;
				SDKROOT = iphoneos;
				SWIFT_COMPILATION_MODE = wholemodule;
				VALIDATE_PRODUCT = YES;
			};
			name = Release;
		};
		575AABF02D55D31F00B6D008 /* Debug */ = {
			isa = XCBuildConfiguration;
			buildSettings = {
				ASSETCATALOG_COMPILER_APPICON_NAME = AppIcon;
				ASSETCATALOG_COMPILER_GLOBAL_ACCENT_COLOR_NAME = AccentColor;
				CODE_SIGN_STYLE = Automatic;
				CURRENT_PROJECT_VERSION = 1;
				DEVELOPMENT_ASSET_PATHS = "\"CSCD-488-Project/Preview Content\"";
				DEVELOPMENT_TEAM = JXVA5WXT99;
				ENABLE_PREVIEWS = YES;
				GENERATE_INFOPLIST_FILE = YES;
				INFOPLIST_KEY_UIApplicationSceneManifest_Generation = YES;
				INFOPLIST_KEY_UIApplicationSupportsIndirectInputEvents = YES;
				INFOPLIST_KEY_UILaunchScreen_Generation = YES;
				INFOPLIST_KEY_UISupportedInterfaceOrientations_iPad = "UIInterfaceOrientationPortrait UIInterfaceOrientationPortraitUpsideDown UIInterfaceOrientationLandscapeLeft UIInterfaceOrientationLandscapeRight";
				INFOPLIST_KEY_UISupportedInterfaceOrientations_iPhone = "UIInterfaceOrientationPortrait UIInterfaceOrientationLandscapeLeft UIInterfaceOrientationLandscapeRight";
				LD_RUNPATH_SEARCH_PATHS = (
					"$(inherited)",
					"@executable_path/Frameworks",
				);
				MARKETING_VERSION = 1.0;
				PRODUCT_BUNDLE_IDENTIFIER = "com.jacoblucas.CSCD-488-Project";
				PRODUCT_NAME = "$(TARGET_NAME)";
				SWIFT_EMIT_LOC_STRINGS = YES;
				SWIFT_VERSION = 5.0;
				TARGETED_DEVICE_FAMILY = "1,2";
			};
			name = Debug;
		};
		575AABF12D55D31F00B6D008 /* Release */ = {
			isa = XCBuildConfiguration;
			buildSettings = {
				ASSETCATALOG_COMPILER_APPICON_NAME = AppIcon;
				ASSETCATALOG_COMPILER_GLOBAL_ACCENT_COLOR_NAME = AccentColor;
				CODE_SIGN_STYLE = Automatic;
				CURRENT_PROJECT_VERSION = 1;
				DEVELOPMENT_ASSET_PATHS = "\"CSCD-488-Project/Preview Content\"";
				DEVELOPMENT_TEAM = JXVA5WXT99;
				ENABLE_PREVIEWS = YES;
				GENERATE_INFOPLIST_FILE = YES;
				INFOPLIST_KEY_UIApplicationSceneManifest_Generation = YES;
				INFOPLIST_KEY_UIApplicationSupportsIndirectInputEvents = YES;
				INFOPLIST_KEY_UILaunchScreen_Generation = YES;
				INFOPLIST_KEY_UISupportedInterfaceOrientations_iPad = "UIInterfaceOrientationPortrait UIInterfaceOrientationPortraitUpsideDown UIInterfaceOrientationLandscapeLeft UIInterfaceOrientationLandscapeRight";
				INFOPLIST_KEY_UISupportedInterfaceOrientations_iPhone = "UIInterfaceOrientationPortrait UIInterfaceOrientationLandscapeLeft UIInterfaceOrientationLandscapeRight";
				LD_RUNPATH_SEARCH_PATHS = (
					"$(inherited)",
					"@executable_path/Frameworks",
				);
				MARKETING_VERSION = 1.0;
				PRODUCT_BUNDLE_IDENTIFIER = "com.jacoblucas.CSCD-488-Project";
				PRODUCT_NAME = "$(TARGET_NAME)";
				SWIFT_EMIT_LOC_STRINGS = YES;
				SWIFT_VERSION = 5.0;
				TARGETED_DEVICE_FAMILY = "1,2";
			};
			name = Release;
		};
		575AABF32D55D31F00B6D008 /* Debug */ = {
			isa = XCBuildConfiguration;
			buildSettings = {
				BUNDLE_LOADER = "$(TEST_HOST)";
				CODE_SIGN_STYLE = Automatic;
				CURRENT_PROJECT_VERSION = 1;
				DEVELOPMENT_TEAM = JXVA5WXT99;
				GENERATE_INFOPLIST_FILE = YES;
				IPHONEOS_DEPLOYMENT_TARGET = 18.2;
				MARKETING_VERSION = 1.0;
				PRODUCT_BUNDLE_IDENTIFIER = "com.jacoblucas.CSCD-488-ProjectTests";
				PRODUCT_NAME = "$(TARGET_NAME)";
				SWIFT_EMIT_LOC_STRINGS = NO;
				SWIFT_VERSION = 5.0;
				TARGETED_DEVICE_FAMILY = "1,2";
				TEST_HOST = "$(BUILT_PRODUCTS_DIR)/CSCD-488-Project.app/$(BUNDLE_EXECUTABLE_FOLDER_PATH)/CSCD-488-Project";
			};
			name = Debug;
		};
		575AABF42D55D31F00B6D008 /* Release */ = {
			isa = XCBuildConfiguration;
			buildSettings = {
				BUNDLE_LOADER = "$(TEST_HOST)";
				CODE_SIGN_STYLE = Automatic;
				CURRENT_PROJECT_VERSION = 1;
				DEVELOPMENT_TEAM = JXVA5WXT99;
				GENERATE_INFOPLIST_FILE = YES;
				IPHONEOS_DEPLOYMENT_TARGET = 18.2;
				MARKETING_VERSION = 1.0;
				PRODUCT_BUNDLE_IDENTIFIER = "com.jacoblucas.CSCD-488-ProjectTests";
				PRODUCT_NAME = "$(TARGET_NAME)";
				SWIFT_EMIT_LOC_STRINGS = NO;
				SWIFT_VERSION = 5.0;
				TARGETED_DEVICE_FAMILY = "1,2";
				TEST_HOST = "$(BUILT_PRODUCTS_DIR)/CSCD-488-Project.app/$(BUNDLE_EXECUTABLE_FOLDER_PATH)/CSCD-488-Project";
			};
			name = Release;
		};
		575AABF62D55D31F00B6D008 /* Debug */ = {
			isa = XCBuildConfiguration;
			buildSettings = {
				CODE_SIGN_STYLE = Automatic;
				CURRENT_PROJECT_VERSION = 1;
				DEVELOPMENT_TEAM = JXVA5WXT99;
				GENERATE_INFOPLIST_FILE = YES;
				MARKETING_VERSION = 1.0;
				PRODUCT_BUNDLE_IDENTIFIER = "com.jacoblucas.CSCD-488-ProjectUITests";
				PRODUCT_NAME = "$(TARGET_NAME)";
				SWIFT_EMIT_LOC_STRINGS = NO;
				SWIFT_VERSION = 5.0;
				TARGETED_DEVICE_FAMILY = "1,2";
				TEST_TARGET_NAME = "CSCD-488-Project";
			};
			name = Debug;
		};
		575AABF72D55D31F00B6D008 /* Release */ = {
			isa = XCBuildConfiguration;
			buildSettings = {
				CODE_SIGN_STYLE = Automatic;
				CURRENT_PROJECT_VERSION = 1;
				DEVELOPMENT_TEAM = JXVA5WXT99;
				GENERATE_INFOPLIST_FILE = YES;
				MARKETING_VERSION = 1.0;
				PRODUCT_BUNDLE_IDENTIFIER = "com.jacoblucas.CSCD-488-ProjectUITests";
				PRODUCT_NAME = "$(TARGET_NAME)";
				SWIFT_EMIT_LOC_STRINGS = NO;
				SWIFT_VERSION = 5.0;
				TARGETED_DEVICE_FAMILY = "1,2";
				TEST_TARGET_NAME = "CSCD-488-Project";
			};
			name = Release;
		};
/* End XCBuildConfiguration section */

/* Begin XCConfigurationList section */
		575AABC62D55D31D00B6D008 /* Build configuration list for PBXProject "CSCD-488-Project" */ = {
			isa = XCConfigurationList;
			buildConfigurations = (
				575AABED2D55D31F00B6D008 /* Debug */,
				575AABEE2D55D31F00B6D008 /* Release */,
			);
			defaultConfigurationIsVisible = 0;
			defaultConfigurationName = Release;
		};
		575AABEF2D55D31F00B6D008 /* Build configuration list for PBXNativeTarget "CSCD-488-Project" */ = {
			isa = XCConfigurationList;
			buildConfigurations = (
				575AABF02D55D31F00B6D008 /* Debug */,
				575AABF12D55D31F00B6D008 /* Release */,
			);
			defaultConfigurationIsVisible = 0;
			defaultConfigurationName = Release;
		};
		575AABF22D55D31F00B6D008 /* Build configuration list for PBXNativeTarget "CSCD-488-ProjectTests" */ = {
			isa = XCConfigurationList;
			buildConfigurations = (
				575AABF32D55D31F00B6D008 /* Debug */,
				575AABF42D55D31F00B6D008 /* Release */,
			);
			defaultConfigurationIsVisible = 0;
			defaultConfigurationName = Release;
		};
		575AABF52D55D31F00B6D008 /* Build configuration list for PBXNativeTarget "CSCD-488-ProjectUITests" */ = {
			isa = XCConfigurationList;
			buildConfigurations = (
				575AABF62D55D31F00B6D008 /* Debug */,
				575AABF72D55D31F00B6D008 /* Release */,
			);
			defaultConfigurationIsVisible = 0;
			defaultConfigurationName = Release;
		};
/* End XCConfigurationList section */
	};
	rootObject = 575AABC32D55D31D00B6D008 /* Project object */;
}
